
Microsoft Visual Studio Solution File, Format Version 12.00
# Visual Studio 15
VisualStudioVersion = 15.0.28307.271
MinimumVisualStudioVersion = 10.0.40219.1
Project("{FAE04EC0-301F-11D3-BF4B-00C04F79EFBC}") = "Drawing Panel", "Drawing Panel\Drawing Panel.csproj", "{5F1CCF93-6AE1-4418-B042-D6FA7AFCFB8F}"
EndProject
Global
	GlobalSection(SolutionConfigurationPlatforms) = preSolution
		Debug|Any CPU = Debug|Any CPU
		Release|Any CPU = Release|Any CPU
	EndGlobalSection
	GlobalSection(ProjectConfigurationPlatforms) = postSolution
		{5F1CCF93-6AE1-4418-B042-D6FA7AFCFB8F}.Debug|Any CPU.ActiveCfg = Debug|Any CPU
		{5F1CCF93-6AE1-4418-B042-D6FA7AFCFB8F}.Debug|Any CPU.Build.0 = Debug|Any CPU
		{5F1CCF93-6AE1-4418-B042-D6FA7AFCFB8F}.Release|Any CPU.ActiveCfg = Release|Any CPU
		{5F1CCF93-6AE1-4418-B042-D6FA7AFCFB8F}.Release|Any CPU.Build.0 = Release|Any CPU
	EndGlobalSection
	GlobalSection(SolutionProperties) = preSolution
		HideSolutionNode = FALSE
	EndGlobalSection
	GlobalSection(ExtensibilityGlobals) = postSolution
		SolutionGuid = {71261A63-5658-4D4A-B738-BF3D2726BEA4}
	EndGlobalSection
EndGlobal
